
Microsoft Visual Studio Solution File, Format Version 12.00
# Visual Studio 2013
VisualStudioVersion = 12.0.21005.1
MinimumVisualStudioVersion = 10.0.40219.1
Project("{FAE04EC0-301F-11D3-BF4B-00C04F79EFBC}") = "LetsGoOut", "LetsGoOut\LetsGoOut.csproj", "{729250B3-CB48-437D-957C-34D3F72FADB8}"
EndProject
Project("{FAE04EC0-301F-11D3-BF4B-00C04F79EFBC}") = "LetsGoOut.Domain", "LetsGoOut.Domain\LetsGoOut.Domain.csproj", "{FB7F08DD-9122-4E38-87C2-7F0317665163}"
EndProject
Project("{FAE04EC0-301F-11D3-BF4B-00C04F79EFBC}") = "LetsGoOut.ReadModel", "LetsGoOut.ReadModel\LetsGoOut.ReadModel.csproj", "{F892B917-1192-4D9E-B122-DEAC99D27163}"
EndProject
Project("{FAE04EC0-301F-11D3-BF4B-00C04F79EFBC}") = "LetsGoOut.Persistence", "LetsGoOut.Persistence\LetsGoOut.Persistence.csproj", "{005026EB-D1B3-4277-8E05-328DF2151F2F}"
EndProject
Global
	GlobalSection(SolutionConfigurationPlatforms) = preSolution
		Debug|Any CPU = Debug|Any CPU
		Release|Any CPU = Release|Any CPU
	EndGlobalSection
	GlobalSection(ProjectConfigurationPlatforms) = postSolution
		{729250B3-CB48-437D-957C-34D3F72FADB8}.Debug|Any CPU.ActiveCfg = Debug|Any CPU
		{729250B3-CB48-437D-957C-34D3F72FADB8}.Debug|Any CPU.Build.0 = Debug|Any CPU
		{729250B3-CB48-437D-957C-34D3F72FADB8}.Release|Any CPU.ActiveCfg = Release|Any CPU
		{729250B3-CB48-437D-957C-34D3F72FADB8}.Release|Any CPU.Build.0 = Release|Any CPU
		{FB7F08DD-9122-4E38-87C2-7F0317665163}.Debug|Any CPU.ActiveCfg = Debug|Any CPU
		{FB7F08DD-9122-4E38-87C2-7F0317665163}.Debug|Any CPU.Build.0 = Debug|Any CPU
		{FB7F08DD-9122-4E38-87C2-7F0317665163}.Release|Any CPU.ActiveCfg = Release|Any CPU
		{FB7F08DD-9122-4E38-87C2-7F0317665163}.Release|Any CPU.Build.0 = Release|Any CPU
		{F892B917-1192-4D9E-B122-DEAC99D27163}.Debug|Any CPU.ActiveCfg = Debug|Any CPU
		{F892B917-1192-4D9E-B122-DEAC99D27163}.Debug|Any CPU.Build.0 = Debug|Any CPU
		{F892B917-1192-4D9E-B122-DEAC99D27163}.Release|Any CPU.ActiveCfg = Release|Any CPU
		{F892B917-1192-4D9E-B122-DEAC99D27163}.Release|Any CPU.Build.0 = Release|Any CPU
		{005026EB-D1B3-4277-8E05-328DF2151F2F}.Debug|Any CPU.ActiveCfg = Debug|Any CPU
		{005026EB-D1B3-4277-8E05-328DF2151F2F}.Debug|Any CPU.Build.0 = Debug|Any CPU
		{005026EB-D1B3-4277-8E05-328DF2151F2F}.Release|Any CPU.ActiveCfg = Release|Any CPU
		{005026EB-D1B3-4277-8E05-328DF2151F2F}.Release|Any CPU.Build.0 = Release|Any CPU
	EndGlobalSection
	GlobalSection(SolutionProperties) = preSolution
		HideSolutionNode = FALSE
	EndGlobalSection
EndGlobal
